
Microsoft Visual Studio Solution File, Format Version 12.00
# Visual Studio Version 17
VisualStudioVersion = 17.4.33103.184
MinimumVisualStudioVersion = 10.0.40219.1
Project("{FAE04EC0-301F-11D3-BF4B-00C04F79EFBC}") = "Tamogochi", "Tamogochi\Tamogochi.csproj", "{C2FB34B0-CBF5-4A44-B690-F3F40BF9A4FB}"
EndProject
Global
	GlobalSection(SolutionConfigurationPlatforms) = preSolution
		Debug|Any CPU = Debug|Any CPU
		Release|Any CPU = Release|Any CPU
	EndGlobalSection
	GlobalSection(ProjectConfigurationPlatforms) = postSolution
		{C2FB34B0-CBF5-4A44-B690-F3F40BF9A4FB}.Debug|Any CPU.ActiveCfg = Debug|Any CPU
		{C2FB34B0-CBF5-4A44-B690-F3F40BF9A4FB}.Debug|Any CPU.Build.0 = Debug|Any CPU
		{C2FB34B0-CBF5-4A44-B690-F3F40BF9A4FB}.Release|Any CPU.ActiveCfg = Release|Any CPU
		{C2FB34B0-CBF5-4A44-B690-F3F40BF9A4FB}.Release|Any CPU.Build.0 = Release|Any CPU
	EndGlobalSection
	GlobalSection(SolutionProperties) = preSolution
		HideSolutionNode = FALSE
	EndGlobalSection
	GlobalSection(ExtensibilityGlobals) = postSolution
		SolutionGuid = {535C5A68-B17D-4985-8699-435B7CBD2E93}
	EndGlobalSection
EndGlobal
